// !$*UTF8*$!
{
	archiveVersion = 1;
	classes = {
	};
	objectVersion = 46;
	objects = {

/* Begin PBXBuildFile section */
		261FF47819E24DAC00FFA838 /* main.m in Sources */ = {isa = PBXBuildFile; fileRef = 261FF47719E24DAC00FFA838 /* main.m */; };
		261FF47B19E24DAC00FFA838 /* AppDelegate.m in Sources */ = {isa = PBXBuildFile; fileRef = 261FF47A19E24DAC00FFA838 /* AppDelegate.m */; };
		261FF47E19E24DAC00FFA838 /* Yahoo_Digest.xcdatamodeld in Sources */ = {isa = PBXBuildFile; fileRef = 261FF47C19E24DAC00FFA838 /* Yahoo_Digest.xcdatamodeld */; };
		261FF48119E24DAC00FFA838 /* ViewController.m in Sources */ = {isa = PBXBuildFile; fileRef = 261FF48019E24DAC00FFA838 /* ViewController.m */; };
		261FF48419E24DAC00FFA838 /* Main.storyboard in Resources */ = {isa = PBXBuildFile; fileRef = 261FF48219E24DAC00FFA838 /* Main.storyboard */; };
		261FF48619E24DAC00FFA838 /* Images.xcassets in Resources */ = {isa = PBXBuildFile; fileRef = 261FF48519E24DAC00FFA838 /* Images.xcassets */; };
		261FF48919E24DAC00FFA838 /* LaunchScreen.xib in Resources */ = {isa = PBXBuildFile; fileRef = 261FF48719E24DAC00FFA838 /* LaunchScreen.xib */; };
		261FF49519E24DAC00FFA838 /* Yahoo_DigestTests.m in Sources */ = {isa = PBXBuildFile; fileRef = 261FF49419E24DAC00FFA838 /* Yahoo_DigestTests.m */; };
/* End PBXBuildFile section */

/* Begin PBXContainerItemProxy section */
		261FF48F19E24DAC00FFA838 /* PBXContainerItemProxy */ = {
			isa = PBXContainerItemProxy;
			containerPortal = 261FF46A19E24DAC00FFA838 /* Project object */;
			proxyType = 1;
			remoteGlobalIDString = 261FF47119E24DAC00FFA838;
			remoteInfo = Yahoo_Digest;
		};
/* End PBXContainerItemProxy section */

/* Begin PBXFileReference section */
		261FF47219E24DAC00FFA838 /* Yahoo_Digest.app */ = {isa = PBXFileReference; explicitFileType = wrapper.application; includeInIndex = 0; path = Yahoo_Digest.app; sourceTree = BUILT_PRODUCTS_DIR; };
		261FF47619E24DAC00FFA838 /* Info.plist */ = {isa = PBXFileReference; lastKnownFileType = text.plist.xml; path = Info.plist; sourceTree = "<group>"; };
		261FF47719E24DAC00FFA838 /* main.m */ = {isa = PBXFileReference; lastKnownFileType = sourcecode.c.objc; path = main.m; sourceTree = "<group>"; };
		261FF47919E24DAC00FFA838 /* AppDelegate.h */ = {isa = PBXFileReference; lastKnownFileType = sourcecode.c.h; path = AppDelegate.h; sourceTree = "<group>"; };
		261FF47A19E24DAC00FFA838 /* AppDelegate.m */ = {isa = PBXFileReference; lastKnownFileType = sourcecode.c.objc; path = AppDelegate.m; sourceTree = "<group>"; };
		261FF47D19E24DAC00FFA838 /* Yahoo_Digest.xcdatamodel */ = {isa = PBXFileReference; lastKnownFileType = wrapper.xcdatamodel; path = Yahoo_Digest.xcdatamodel; sourceTree = "<group>"; };
		261FF47F19E24DAC00FFA838 /* ViewController.h */ = {isa = PBXFileReference; lastKnownFileType = sourcecode.c.h; path = ViewController.h; sourceTree = "<group>"; };
		261FF48019E24DAC00FFA838 /* ViewController.m */ = {isa = PBXFileReference; lastKnownFileType = sourcecode.c.objc; path = ViewController.m; sourceTree = "<group>"; };
		261FF48319E24DAC00FFA838 /* Base */ = {isa = PBXFileReference; lastKnownFileType = file.storyboard; name = Base; path = Base.lproj/Main.storyboard; sourceTree = "<group>"; };
		261FF48519E24DAC00FFA838 /* Images.xcassets */ = {isa = PBXFileReference; lastKnownFileType = folder.assetcatalog; path = Images.xcassets; sourceTree = "<group>"; };
		261FF48819E24DAC00FFA838 /* Base */ = {isa = PBXFileReference; lastKnownFileType = file.xib; name = Base; path = Base.lproj/LaunchScreen.xib; sourceTree = "<group>"; };
		261FF48E19E24DAC00FFA838 /* Yahoo_DigestTests.xctest */ = {isa = PBXFileReference; explicitFileType = wrapper.cfbundle; includeInIndex = 0; path = Yahoo_DigestTests.xctest; sourceTree = BUILT_PRODUCTS_DIR; };
		261FF49319E24DAC00FFA838 /* Info.plist */ = {isa = PBXFileReference; lastKnownFileType = text.plist.xml; path = Info.plist; sourceTree = "<group>"; };
		261FF49419E24DAC00FFA838 /* Yahoo_DigestTests.m */ = {isa = PBXFileReference; lastKnownFileType = sourcecode.c.objc; path = Yahoo_DigestTests.m; sourceTree = "<group>"; };
/* End PBXFileReference section */

/* Begin PBXFrameworksBuildPhase section */
		261FF46F19E24DAC00FFA838 /* Frameworks */ = {
			isa = PBXFrameworksBuildPhase;
			buildActionMask = 2147483647;
			files = (
			);
			runOnlyForDeploymentPostprocessing = 0;
		};
		261FF48B19E24DAC00FFA838 /* Frameworks */ = {
			isa = PBXFrameworksBuildPhase;
			buildActionMask = 2147483647;
			files = (
			);
			runOnlyForDeploymentPostprocessing = 0;
		};
/* End PBXFrameworksBuildPhase section */

/* Begin PBXGroup section */
		261FF46919E24DAC00FFA838 = {
			isa = PBXGroup;
			children = (
				261FF47419E24DAC00FFA838 /* Yahoo_Digest */,
				261FF49119E24DAC00FFA838 /* Yahoo_DigestTests */,
				261FF47319E24DAC00FFA838 /* Products */,
			);
			sourceTree = "<group>";
		};
		261FF47319E24DAC00FFA838 /* Products */ = {
			isa = PBXGroup;
			children = (
				261FF47219E24DAC00FFA838 /* Yahoo_Digest.app */,
				261FF48E19E24DAC00FFA838 /* Yahoo_DigestTests.xctest */,
			);
			name = Products;
			sourceTree = "<group>";
		};
		261FF47419E24DAC00FFA838 /* Yahoo_Digest */ = {
			isa = PBXGroup;
			children = (
				261FF47919E24DAC00FFA838 /* AppDelegate.h */,
				261FF47A19E24DAC00FFA838 /* AppDelegate.m */,
				261FF47F19E24DAC00FFA838 /* ViewController.h */,
				261FF48019E24DAC00FFA838 /* ViewController.m */,
				261FF48219E24DAC00FFA838 /* Main.storyboard */,
				261FF48519E24DAC00FFA838 /* Images.xcassets */,
				261FF48719E24DAC00FFA838 /* LaunchScreen.xib */,
				261FF47C19E24DAC00FFA838 /* Yahoo_Digest.xcdatamodeld */,
				261FF47519E24DAC00FFA838 /* Supporting Files */,
			);
			path = Yahoo_Digest;
			sourceTree = "<group>";
		};
		261FF47519E24DAC00FFA838 /* Supporting Files */ = {
			isa = PBXGroup;
			children = (
				261FF47619E24DAC00FFA838 /* Info.plist */,
				261FF47719E24DAC00FFA838 /* main.m */,
			);
			name = "Supporting Files";
			sourceTree = "<group>";
		};
		261FF49119E24DAC00FFA838 /* Yahoo_DigestTests */ = {
			isa = PBXGroup;
			children = (
				261FF49419E24DAC00FFA838 /* Yahoo_DigestTests.m */,
				261FF49219E24DAC00FFA838 /* Supporting Files */,
			);
			path = Yahoo_DigestTests;
			sourceTree = "<group>";
		};
		261FF49219E24DAC00FFA838 /* Supporting Files */ = {
			isa = PBXGroup;
			children = (
				261FF49319E24DAC00FFA838 /* Info.plist */,
			);
			name = "Supporting Files";
			sourceTree = "<group>";
		};
/* End PBXGroup section */

/* Begin PBXNativeTarget section */
		261FF47119E24DAC00FFA838 /* Yahoo_Digest */ = {
			isa = PBXNativeTarget;
			buildConfigurationList = 261FF49819E24DAC00FFA838 /* Build configuration list for PBXNativeTarget "Yahoo_Digest" */;
			buildPhases = (
				261FF46E19E24DAC00FFA838 /* Sources */,
				261FF46F19E24DAC00FFA838 /* Frameworks */,
				261FF47019E24DAC00FFA838 /* Resources */,
			);
			buildRules = (
			);
			dependencies = (
			);
			name = Yahoo_Digest;
			productName = Yahoo_Digest;
			productReference = 261FF47219E24DAC00FFA838 /* Yahoo_Digest.app */;
			productType = "com.apple.product-type.application";
		};
		261FF48D19E24DAC00FFA838 /* Yahoo_DigestTests */ = {
			isa = PBXNativeTarget;
			buildConfigurationList = 261FF49B19E24DAC00FFA838 /* Build configuration list for PBXNativeTarget "Yahoo_DigestTests" */;
			buildPhases = (
				261FF48A19E24DAC00FFA838 /* Sources */,
				261FF48B19E24DAC00FFA838 /* Frameworks */,
				261FF48C19E24DAC00FFA838 /* Resources */,
			);
			buildRules = (
			);
			dependencies = (
				261FF49019E24DAC00FFA838 /* PBXTargetDependency */,
			);
			name = Yahoo_DigestTests;
			productName = Yahoo_DigestTests;
			productReference = 261FF48E19E24DAC00FFA838 /* Yahoo_DigestTests.xctest */;
			productType = "com.apple.product-type.bundle.unit-test";
		};
/* End PBXNativeTarget section */

/* Begin PBXProject section */
		261FF46A19E24DAC00FFA838 /* Project object */ = {
			isa = PBXProject;
			attributes = {
				LastUpgradeCheck = 0600;
				ORGANIZATIONNAME = "Vy Systems - iOS1";
				TargetAttributes = {
					261FF47119E24DAC00FFA838 = {
						CreatedOnToolsVersion = 6.0.1;
					};
					261FF48D19E24DAC00FFA838 = {
						CreatedOnToolsVersion = 6.0.1;
						TestTargetID = 261FF47119E24DAC00FFA838;
					};
				};
			};
			buildConfigurationList = 261FF46D19E24DAC00FFA838 /* Build configuration list for PBXProject "Yahoo_Digest" */;
			compatibilityVersion = "Xcode 3.2";
			developmentRegion = English;
			hasScannedForEncodings = 0;
			knownRegions = (
				en,
				Base,
			);
			mainGroup = 261FF46919E24DAC00FFA838;
			productRefGroup = 261FF47319E24DAC00FFA838 /* Products */;
			projectDirPath = "";
			projectRoot = "";
			targets = (
				261FF47119E24DAC00FFA838 /* Yahoo_Digest */,
				261FF48D19E24DAC00FFA838 /* Yahoo_DigestTests */,
			);
		};
/* End PBXProject section */

/* Begin PBXResourcesBuildPhase section */
		261FF47019E24DAC00FFA838 /* Resources */ = {
			isa = PBXResourcesBuildPhase;
			buildActionMask = 2147483647;
			files = (
				261FF48419E24DAC00FFA838 /* Main.storyboard in Resources */,
				261FF48919E24DAC00FFA838 /* LaunchScreen.xib in Resources */,
				261FF48619E24DAC00FFA838 /* Images.xcassets in Resources */,
			);
			runOnlyForDeploymentPostprocessing = 0;
		};
		261FF48C19E24DAC00FFA838 /* Resources */ = {
			isa = PBXResourcesBuildPhase;
			buildActionMask = 2147483647;
			files = (
			);
			runOnlyForDeploymentPostprocessing = 0;
		};
/* End PBXResourcesBuildPhase section */

/* Begin PBXSourcesBuildPhase section */
		261FF46E19E24DAC00FFA838 /* Sources */ = {
			isa = PBXSourcesBuildPhase;
			buildActionMask = 2147483647;
			files = (
				261FF47B19E24DAC00FFA838 /* AppDelegate.m in Sources */,
				261FF47819E24DAC00FFA838 /* main.m in Sources */,
				261FF48119E24DAC00FFA838 /* ViewController.m in Sources */,
				261FF47E19E24DAC00FFA838 /* Yahoo_Digest.xcdatamodeld in Sources */,
			);
			runOnlyForDeploymentPostprocessing = 0;
		};
		261FF48A19E24DAC00FFA838 /* Sources */ = {
			isa = PBXSourcesBuildPhase;
			buildActionMask = 2147483647;
			files = (
				261FF49519E24DAC00FFA838 /* Yahoo_DigestTests.m in Sources */,
			);
			runOnlyForDeploymentPostprocessing = 0;
		};
/* End PBXSourcesBuildPhase section */

/* Begin PBXTargetDependency section */
		261FF49019E24DAC00FFA838 /* PBXTargetDependency */ = {
			isa = PBXTargetDependency;
			target = 261FF47119E24DAC00FFA838 /* Yahoo_Digest */;
			targetProxy = 261FF48F19E24DAC00FFA838 /* PBXContainerItemProxy */;
		};
/* End PBXTargetDependency section */

/* Begin PBXVariantGroup section */
		261FF48219E24DAC00FFA838 /* Main.storyboard */ = {
			isa = PBXVariantGroup;
			children = (
				261FF48319E24DAC00FFA838 /* Base */,
			);
			name = Main.storyboard;
			sourceTree = "<group>";
		};
		261FF48719E24DAC00FFA838 /* LaunchScreen.xib */ = {
			isa = PBXVariantGroup;
			children = (
				261FF48819E24DAC00FFA838 /* Base */,
			);
			name = LaunchScreen.xib;
			sourceTree = "<group>";
		};
/* End PBXVariantGroup section */

/* Begin XCBuildConfiguration section */
		261FF49619E24DAC00FFA838 /* Debug */ = {
			isa = XCBuildConfiguration;
			buildSettings = {
				ALWAYS_SEARCH_USER_PATHS = NO;
				CLANG_CXX_LANGUAGE_STANDARD = "gnu++0x";
				CLANG_CXX_LIBRARY = "libc++";
				CLANG_ENABLE_MODULES = YES;
				CLANG_ENABLE_OBJC_ARC = YES;
				CLANG_WARN_BOOL_CONVERSION = YES;
				CLANG_WARN_CONSTANT_CONVERSION = YES;
				CLANG_WARN_DIRECT_OBJC_ISA_USAGE = YES_ERROR;
				CLANG_WARN_EMPTY_BODY = YES;
				CLANG_WARN_ENUM_CONVERSION = YES;
				CLANG_WARN_INT_CONVERSION = YES;
				CLANG_WARN_OBJC_ROOT_CLASS = YES_ERROR;
				CLANG_WARN_UNREACHABLE_CODE = YES;
				CLANG_WARN__DUPLICATE_METHOD_MATCH = YES;
				"CODE_SIGN_IDENTITY[sdk=iphoneos*]" = "iPhone Developer";
				COPY_PHASE_STRIP = NO;
				ENABLE_STRICT_OBJC_MSGSEND = YES;
				GCC_C_LANGUAGE_STANDARD = gnu99;
				GCC_DYNAMIC_NO_PIC = NO;
				GCC_OPTIMIZATION_LEVEL = 0;
				GCC_PREPROCESSOR_DEFINITIONS = (
					"DEBUG=1",
					"$(inherited)",
				);
				GCC_SYMBOLS_PRIVATE_EXTERN = NO;
				GCC_WARN_64_TO_32_BIT_CONVERSION = YES;
				GCC_WARN_ABOUT_RETURN_TYPE = YES_ERROR;
				GCC_WARN_UNDECLARED_SELECTOR = YES;
				GCC_WARN_UNINITIALIZED_AUTOS = YES_AGGRESSIVE;
				GCC_WARN_UNUSED_FUNCTION = YES;
				GCC_WARN_UNUSED_VARIABLE = YES;
				IPHONEOS_DEPLOYMENT_TARGET = 8.0;
				MTL_ENABLE_DEBUG_INFO = YES;
				ONLY_ACTIVE_ARCH = YES;
				SDKROOT = iphoneos;
				TARGETED_DEVICE_FAMILY = "1,2";
			};
			name = Debug;
		};
		261FF49719E24DAC00FFA838 /* Release */ = {
			isa = XCBuildConfiguration;
			buildSettings = {
				ALWAYS_SEARCH_USER_PATHS = NO;
				CLANG_CXX_LANGUAGE_STANDARD = "gnu++0x";
				CLANG_CXX_LIBRARY = "libc++";
				CLANG_ENABLE_MODULES = YES;
				CLANG_ENABLE_OBJC_ARC = YES;
				CLANG_WARN_BOOL_CONVERSION = YES;
				CLANG_WARN_CONSTANT_CONVERSION = YES;
				CLANG_WARN_DIRECT_OBJC_ISA_USAGE = YES_ERROR;
				CLANG_WARN_EMPTY_BODY = YES;
				CLANG_WARN_ENUM_CONVERSION = YES;
				CLANG_WARN_INT_CONVERSION = YES;
				CLANG_WARN_OBJC_ROOT_CLASS = YES_ERROR;
				CLANG_WARN_UNREACHABLE_CODE = YES;
				CLANG_WARN__DUPLICATE_METHOD_MATCH = YES;
				"CODE_SIGN_IDENTITY[sdk=iphoneos*]" = "iPhone Developer";
				COPY_PHASE_STRIP = YES;
				ENABLE_NS_ASSERTIONS = NO;
				ENABLE_STRICT_OBJC_MSGSEND = YES;
				GCC_C_LANGUAGE_STANDARD = gnu99;
				GCC_WARN_64_TO_32_BIT_CONVERSION = YES;
				GCC_WARN_ABOUT_RETURN_TYPE = YES_ERROR;
				GCC_WARN_UNDECLARED_SELECTOR = YES;
				GCC_WARN_UNINITIALIZED_AUTOS = YES_AGGRESSIVE;
				GCC_WARN_UNUSED_FUNCTION = YES;
				GCC_WARN_UNUSED_VARIABLE = YES;
				IPHONEOS_DEPLOYMENT_TARGET = 8.0;
				MTL_ENABLE_DEBUG_INFO = NO;
				SDKROOT = iphoneos;
				TARGETED_DEVICE_FAMILY = "1,2";
				VALIDATE_PRODUCT = YES;
			};
			name = Release;
		};
		261FF49919E24DAC00FFA838 /* Debug */ = {
			isa = XCBuildConfiguration;
			buildSettings = {
				ASSETCATALOG_COMPILER_APPICON_NAME = AppIcon;
				INFOPLIST_FILE = Yahoo_Digest/Info.plist;
				LD_RUNPATH_SEARCH_PATHS = "$(inherited) @executable_path/Frameworks";
				PRODUCT_NAME = "$(TARGET_NAME)";
			};
			name = Debug;
		};
		261FF49A19E24DAC00FFA838 /* Release */ = {
			isa = XCBuildConfiguration;
			buildSettings = {
				ASSETCATALOG_COMPILER_APPICON_NAME = AppIcon;
				INFOPLIST_FILE = Yahoo_Digest/Info.plist;
				LD_RUNPATH_SEARCH_PATHS = "$(inherited) @executable_path/Frameworks";
				PRODUCT_NAME = "$(TARGET_NAME)";
			};
			name = Release;
		};
		261FF49C19E24DAC00FFA838 /* Debug */ = {
			isa = XCBuildConfiguration;
			buildSettings = {
				BUNDLE_LOADER = "$(TEST_HOST)";
				FRAMEWORK_SEARCH_PATHS = (
					"$(SDKROOT)/Developer/Library/Frameworks",
					"$(inherited)",
				);
				GCC_PREPROCESSOR_DEFINITIONS = (
					"DEBUG=1",
					"$(inherited)",
				);
				INFOPLIST_FILE = Yahoo_DigestTests/Info.plist;
				LD_RUNPATH_SEARCH_PATHS = "$(inherited) @executable_path/Frameworks @loader_path/Frameworks";
				PRODUCT_NAME = "$(TARGET_NAME)";
				TEST_HOST = "$(BUILT_PRODUCTS_DIR)/Yahoo_Digest.app/Yahoo_Digest";
			};
			name = Debug;
		};
		261FF49D19E24DAC00FFA838 /* Release */ = {
			isa = XCBuildConfiguration;
			buildSettings = {
				BUNDLE_LOADER = "$(TEST_HOST)";
				FRAMEWORK_SEARCH_PATHS = (
					"$(SDKROOT)/Developer/Library/Frameworks",
					"$(inherited)",
				);
				INFOPLIST_FILE = Yahoo_DigestTests/Info.plist;
				LD_RUNPATH_SEARCH_PATHS = "$(inherited) @executable_path/Frameworks @loader_path/Frameworks";
				PRODUCT_NAME = "$(TARGET_NAME)";
				TEST_HOST = "$(BUILT_PRODUCTS_DIR)/Yahoo_Digest.app/Yahoo_Digest";
			};
			name = Release;
		};
/* End XCBuildConfiguration section */

/* Begin XCConfigurationList section */
		261FF46D19E24DAC00FFA838 /* Build configuration list for PBXProject "Yahoo_Digest" */ = {
			isa = XCConfigurationList;
			buildConfigurations = (
				261FF49619E24DAC00FFA838 /* Debug */,
				261FF49719E24DAC00FFA838 /* Release */,
			);
			defaultConfigurationIsVisible = 0;
			defaultConfigurationName = Release;
		};
		261FF49819E24DAC00FFA838 /* Build configuration list for PBXNativeTarget "Yahoo_Digest" */ = {
			isa = XCConfigurationList;
			buildConfigurations = (
				261FF49919E24DAC00FFA838 /* Debug */,
				261FF49A19E24DAC00FFA838 /* Release */,
			);
			defaultConfigurationIsVisible = 0;
		};
		261FF49B19E24DAC00FFA838 /* Build configuration list for PBXNativeTarget "Yahoo_DigestTests" */ = {
			isa = XCConfigurationList;
			buildConfigurations = (
				261FF49C19E24DAC00FFA838 /* Debug */,
				261FF49D19E24DAC00FFA838 /* Release */,
			);
			defaultConfigurationIsVisible = 0;
		};
/* End XCConfigurationList section */

/* Begin XCVersionGroup section */
		261FF47C19E24DAC00FFA838 /* Yahoo_Digest.xcdatamodeld */ = {
			isa = XCVersionGroup;
			children = (
				261FF47D19E24DAC00FFA838 /* Yahoo_Digest.xcdatamodel */,
			);
			currentVersion = 261FF47D19E24DAC00FFA838 /* Yahoo_Digest.xcdatamodel */;
			path = Yahoo_Digest.xcdatamodeld;
			sourceTree = "<group>";
			versionGroupType = wrapper.xcdatamodel;
		};
/* End XCVersionGroup section */
	};
	rootObject = 261FF46A19E24DAC00FFA838 /* Project object */;
}
